# THIS IS AN AUTOGENERATED FILE. DO NOT EDIT THIS FILE DIRECTLY.
# yarn lockfile v1


typeorm-naming-strategies@^4.1.0:
  version "4.1.0"
  resolved "https://registry.yarnpkg.com/typeorm-naming-strategies/-/typeorm-naming-strategies-4.1.0.tgz#1ec6eb296c8d7b69bb06764d5b9083ff80e814a9"
  integrity sha512-vPekJXzZOTZrdDvTl1YoM+w+sUIfQHG4kZTpbFYoTsufyv9NIBRe4Q+PdzhEAFA2std3D9LZHEb1EjE9zhRpiQ==
